
Microsoft Visual Studio Solution File, Format Version 12.00
# Visual Studio Version 17
VisualStudioVersion = 17.14.36203.30 d17.14
MinimumVisualStudioVersion = 10.0.40219.1
Project("{8BC9CEB8-8B4A-11D0-8D11-00A0C91BC942}") = "Math Tutor", "Math Tutor.vcxproj", "{BD8574AB-37CE-4594-9934-A0B08BE9460C}"
EndProject
Global
	GlobalSection(SolutionConfigurationPlatforms) = preSolution
		Debug|x64 = Debug|x64
		Debug|x86 = Debug|x86
		Release|x64 = Release|x64
		Release|x86 = Release|x86
	EndGlobalSection
	GlobalSection(ProjectConfigurationPlatforms) = postSolution
		{BD8574AB-37CE-4594-9934-A0B08BE9460C}.Debug|x64.ActiveCfg = Debug|x64
		{BD8574AB-37CE-4594-9934-A0B08BE9460C}.Debug|x64.Build.0 = Debug|x64
		{BD8574AB-37CE-4594-9934-A0B08BE9460C}.Debug|x86.ActiveCfg = Debug|Win32
		{BD8574AB-37CE-4594-9934-A0B08BE9460C}.Debug|x86.Build.0 = Debug|Win32
		{BD8574AB-37CE-4594-9934-A0B08BE9460C}.Release|x64.ActiveCfg = Release|x64
		{BD8574AB-37CE-4594-9934-A0B08BE9460C}.Release|x64.Build.0 = Release|x64
		{BD8574AB-37CE-4594-9934-A0B08BE9460C}.Release|x86.ActiveCfg = Release|Win32
		{BD8574AB-37CE-4594-9934-A0B08BE9460C}.Release|x86.Build.0 = Release|Win32
	EndGlobalSection
	GlobalSection(SolutionProperties) = preSolution
		HideSolutionNode = FALSE
	EndGlobalSection
	GlobalSection(ExtensibilityGlobals) = postSolution
		SolutionGuid = {B8F297F9-0C03-4A9C-B326-B6A20EF4F817}
	EndGlobalSection
EndGlobal
